
Microsoft Visual Studio Solution File, Format Version 12.00
# Visual Studio Version 16
VisualStudioVersion = 16.0.31129.286
MinimumVisualStudioVersion = 10.0.40219.1
Project("{FAE04EC0-301F-11D3-BF4B-00C04F79EFBC}") = "FinalProject_0512", "FinalProject_0512\FinalProject_0512.csproj", "{0A95224B-48F0-4EA3-AA7C-90F90C5DF60A}"
EndProject
Global
	GlobalSection(SolutionConfigurationPlatforms) = preSolution
		Debug|Any CPU = Debug|Any CPU
		Release|Any CPU = Release|Any CPU
	EndGlobalSection
	GlobalSection(ProjectConfigurationPlatforms) = postSolution
		{0A95224B-48F0-4EA3-AA7C-90F90C5DF60A}.Debug|Any CPU.ActiveCfg = Debug|Any CPU
		{0A95224B-48F0-4EA3-AA7C-90F90C5DF60A}.Debug|Any CPU.Build.0 = Debug|Any CPU
		{0A95224B-48F0-4EA3-AA7C-90F90C5DF60A}.Release|Any CPU.ActiveCfg = Release|Any CPU
		{0A95224B-48F0-4EA3-AA7C-90F90C5DF60A}.Release|Any CPU.Build.0 = Release|Any CPU
	EndGlobalSection
	GlobalSection(SolutionProperties) = preSolution
		HideSolutionNode = FALSE
	EndGlobalSection
	GlobalSection(ExtensibilityGlobals) = postSolution
		SolutionGuid = {894CEB09-63E0-424A-889B-DF5FAC42DB24}
	EndGlobalSection
EndGlobal
